{
  "nodes": {
    "lidarr": {
      "inputs": {
        "nixpkgs": [
          "nixpkgs"
        ]
      },
      "locked": {
        "lastModified": 1779669974,
        "narHash": "sha256-hooXH8OumIOhFzVE/+xil3BVj4eu4qhM4ji/irD3sPI=",
        "owner": "John2143",
        "repo": "Lidarr",
        "rev": "cf2c4eeca1c0314121b7ceacc66350c6749e0d5d",
        "type": "github"
      },
      "original": {
        "owner": "John2143",
        "ref": "nix-flake",
        "repo": "Lidarr",
        "type": "github"
      }
    },
    "nixpkgs": {
      "locked": {
        "lastModified": 1779560665,
        "narHash": "sha256-tpyBcxPpcQb8ukyNF7DoCwfSY3VPsxHoYwj00Cayv5o=",
        "owner": "NixOS",
        "repo": "nixpkgs",
        "rev": "64c08a7ca051951c8eae34e3e3cb1e202fe36786",
        "type": "github"
      },
      "original": {
        "owner": "NixOS",
        "ref": "nixos-unstable",
        "repo": "nixpkgs",
        "type": "github"
      }
    },
    "root": {
      "inputs": {
        "lidarr": "lidarr",
        "nixpkgs": "nixpkgs"
      }
    }
  },
  "root": "root",
  "version": 7
}
